{
  "lockfileVersion": 1,
  "workspaces": {
    "": {
      "name": "merge-video-audio-loop-ffmpeg",
      "dependencies": {
        "@ffmpeg/core": "^0.10.0",
        "@ffmpeg/ffmpeg": "^0.12.0",
      },
    },
  },
  "packages": {
    "@ffmpeg/core": ["@ffmpeg/core@0.10.0", "", {}, "sha512-qunWJl5PezpXEm31tb8Qu5z37B5KVA1VYZCpXchMhuAb3X9T7PuE3SlhOwphEoRhzaOa3lpofDfzihAUMFaVPQ=="],

    "@ffmpeg/ffmpeg": ["@ffmpeg/ffmpeg@0.12.15", "", { "dependencies": { "@ffmpeg/types": "^0.12.4" } }, "sha512-1C8Obr4GsN3xw+/1Ww6PFM84wSQAGsdoTuTWPOj2OizsRDLT4CXTaVjPhkw6ARyDus1B9X/L2LiXHqYYsGnRFw=="],

    "@ffmpeg/types": ["@ffmpeg/types@0.12.4", "", {}, "sha512-k9vJQNBGTxE5AhYDtOYR5rO5fKsspbg51gbcwtbkw2lCdoIILzklulcjJfIDwrtn7XhDeF2M+THwJ2FGrLeV6A=="],
  }
}
